
Microsoft Visual Studio Solution File, Format Version 12.00
# Visual Studio Version 16
VisualStudioVersion = 16.0.32002.261
MinimumVisualStudioVersion = 10.0.40219.1
Project("{FAE04EC0-301F-11D3-BF4B-00C04F79EFBC}") = "AspNetCoreDemo", "AspNetCoreDemo.csproj", "{B56EE030-71E3-4F63-8B6B-129D7CC61CF2}"
EndProject
Global
	GlobalSection(SolutionConfigurationPlatforms) = preSolution
		Debug|Any CPU = Debug|Any CPU
		Release|Any CPU = Release|Any CPU
	EndGlobalSection
	GlobalSection(ProjectConfigurationPlatforms) = postSolution
		{B56EE030-71E3-4F63-8B6B-129D7CC61CF2}.Debug|Any CPU.ActiveCfg = Debug|Any CPU
		{B56EE030-71E3-4F63-8B6B-129D7CC61CF2}.Debug|Any CPU.Build.0 = Debug|Any CPU
		{B56EE030-71E3-4F63-8B6B-129D7CC61CF2}.Release|Any CPU.ActiveCfg = Release|Any CPU
		{B56EE030-71E3-4F63-8B6B-129D7CC61CF2}.Release|Any CPU.Build.0 = Release|Any CPU
	EndGlobalSection
	GlobalSection(SolutionProperties) = preSolution
		HideSolutionNode = FALSE
	EndGlobalSection
	GlobalSection(ExtensibilityGlobals) = postSolution
		SolutionGuid = {43125818-0D91-483E-9335-99B3212CB760}
	EndGlobalSection
EndGlobal
